
Microsoft Visual Studio Solution File, Format Version 12.00
# Visual Studio Version 16
VisualStudioVersion = 16.0.29209.152
MinimumVisualStudioVersion = 10.0.40219.1
Project("{888888A0-9F3D-457C-B088-3A5042F75D52}") = "Blueberry.Server.Python", "Blueberry.Server.Python\Blueberry.Server.Python.pyproj", "{2856A44F-CDBE-4525-9677-C5B53E6BAA43}"
EndProject
Global
	GlobalSection(SolutionConfigurationPlatforms) = preSolution
		Debug|Any CPU = Debug|Any CPU
		Release|Any CPU = Release|Any CPU
	EndGlobalSection
	GlobalSection(ProjectConfigurationPlatforms) = postSolution
		{2856A44F-CDBE-4525-9677-C5B53E6BAA43}.Debug|Any CPU.ActiveCfg = Debug|Any CPU
		{2856A44F-CDBE-4525-9677-C5B53E6BAA43}.Release|Any CPU.ActiveCfg = Release|Any CPU
	EndGlobalSection
	GlobalSection(SolutionProperties) = preSolution
		HideSolutionNode = FALSE
	EndGlobalSection
	GlobalSection(ExtensibilityGlobals) = postSolution
		SolutionGuid = {542F804E-BBBC-47D1-BF22-E856F57140DB}
	EndGlobalSection
EndGlobal
